# This file is automatically @generated by Cargo.
# It is not intended for manual editing.
version = 3

[[package]]
name = "cerveaubaise"
version = "0.1.0"
dependencies = [
 "rouille",
]

[[package]]
name = "rouille"
version = "0.1.0"
source = "git+https://github.com/bnjbvr/rouille#4d59d697244fa4a62f8b3a803527cc8ae5a8731e"
